
Microsoft Visual Studio Solution File, Format Version 12.00
# Visual Studio Version 16
VisualStudioVersion = 16.0.29230.47
MinimumVisualStudioVersion = 10.0.40219.1
Project("{FAE04EC0-301F-11D3-BF4B-00C04F79EFBC}") = "LongRunningTest", "LongRunningTest\LongRunningTest.csproj", "{045C6E1A-BBA4-4ED4-B2AA-9847267E7FCD}"
EndProject
Global
	GlobalSection(SolutionConfigurationPlatforms) = preSolution
		Debug|Any CPU = Debug|Any CPU
		Release|Any CPU = Release|Any CPU
	EndGlobalSection
	GlobalSection(ProjectConfigurationPlatforms) = postSolution
		{045C6E1A-BBA4-4ED4-B2AA-9847267E7FCD}.Debug|Any CPU.ActiveCfg = Debug|Any CPU
		{045C6E1A-BBA4-4ED4-B2AA-9847267E7FCD}.Debug|Any CPU.Build.0 = Debug|Any CPU
		{045C6E1A-BBA4-4ED4-B2AA-9847267E7FCD}.Release|Any CPU.ActiveCfg = Release|Any CPU
		{045C6E1A-BBA4-4ED4-B2AA-9847267E7FCD}.Release|Any CPU.Build.0 = Release|Any CPU
	EndGlobalSection
	GlobalSection(SolutionProperties) = preSolution
		HideSolutionNode = FALSE
	EndGlobalSection
	GlobalSection(ExtensibilityGlobals) = postSolution
		SolutionGuid = {5E6DA52B-8A6C-4971-BE41-1F5ED2BF9A77}
	EndGlobalSection
EndGlobal
